
Microsoft Visual Studio Solution File, Format Version 12.00
# Visual Studio 15
VisualStudioVersion = 15.0.27428.2037
MinimumVisualStudioVersion = 10.0.40219.1
Project("{FAE04EC0-301F-11D3-BF4B-00C04F79EFBC}") = "LibroBiblia", "LibroBiblia\LibroBiblia.csproj", "{DFBCB1CD-2B33-45D0-8004-B3E9A2EBDA26}"
EndProject
Global
	GlobalSection(SolutionConfigurationPlatforms) = preSolution
		Debug|Any CPU = Debug|Any CPU
		Release|Any CPU = Release|Any CPU
	EndGlobalSection
	GlobalSection(ProjectConfigurationPlatforms) = postSolution
		{DFBCB1CD-2B33-45D0-8004-B3E9A2EBDA26}.Debug|Any CPU.ActiveCfg = Debug|Any CPU
		{DFBCB1CD-2B33-45D0-8004-B3E9A2EBDA26}.Debug|Any CPU.Build.0 = Debug|Any CPU
		{DFBCB1CD-2B33-45D0-8004-B3E9A2EBDA26}.Release|Any CPU.ActiveCfg = Release|Any CPU
		{DFBCB1CD-2B33-45D0-8004-B3E9A2EBDA26}.Release|Any CPU.Build.0 = Release|Any CPU
	EndGlobalSection
	GlobalSection(SolutionProperties) = preSolution
		HideSolutionNode = FALSE
	EndGlobalSection
	GlobalSection(ExtensibilityGlobals) = postSolution
		SolutionGuid = {BA3D81F7-BEF9-42C0-883B-B6F0A5280789}
	EndGlobalSection
EndGlobal
